
Microsoft Visual Studio Solution File, Format Version 12.00
# Visual Studio Version 16
VisualStudioVersion = 16.0.30503.244
MinimumVisualStudioVersion = 10.0.40219.1
Project("{9A19103F-16F7-4668-BE54-9A1E7A4F7556}") = "MailSenderAPI", "MailSenderAPI\MailSenderAPI.csproj", "{F0C87565-4839-4C55-BC3D-5A41DC53298C}"
EndProject
Project("{9A19103F-16F7-4668-BE54-9A1E7A4F7556}") = "MailSenderClient", "MailSenderClient\MailSenderClient.csproj", "{3BE94879-1E0D-472A-A1A4-1BAD48A27731}"
EndProject
Project("{FAE04EC0-301F-11D3-BF4B-00C04F79EFBC}") = "MailSender.Tests", "MailSender.Tests\MailSender.Tests.csproj", "{DE8DC7CE-4E57-4D27-82CC-59D6BF9F0B56}"
EndProject
Global
	GlobalSection(SolutionConfigurationPlatforms) = preSolution
		Debug|Any CPU = Debug|Any CPU
		Release|Any CPU = Release|Any CPU
	EndGlobalSection
	GlobalSection(ProjectConfigurationPlatforms) = postSolution
		{F0C87565-4839-4C55-BC3D-5A41DC53298C}.Debug|Any CPU.ActiveCfg = Debug|Any CPU
		{F0C87565-4839-4C55-BC3D-5A41DC53298C}.Debug|Any CPU.Build.0 = Debug|Any CPU
		{F0C87565-4839-4C55-BC3D-5A41DC53298C}.Release|Any CPU.ActiveCfg = Release|Any CPU
		{F0C87565-4839-4C55-BC3D-5A41DC53298C}.Release|Any CPU.Build.0 = Release|Any CPU
		{3BE94879-1E0D-472A-A1A4-1BAD48A27731}.Debug|Any CPU.ActiveCfg = Debug|Any CPU
		{3BE94879-1E0D-472A-A1A4-1BAD48A27731}.Debug|Any CPU.Build.0 = Debug|Any CPU
		{3BE94879-1E0D-472A-A1A4-1BAD48A27731}.Release|Any CPU.ActiveCfg = Release|Any CPU
		{3BE94879-1E0D-472A-A1A4-1BAD48A27731}.Release|Any CPU.Build.0 = Release|Any CPU
		{DE8DC7CE-4E57-4D27-82CC-59D6BF9F0B56}.Debug|Any CPU.ActiveCfg = Debug|Any CPU
		{DE8DC7CE-4E57-4D27-82CC-59D6BF9F0B56}.Debug|Any CPU.Build.0 = Debug|Any CPU
		{DE8DC7CE-4E57-4D27-82CC-59D6BF9F0B56}.Release|Any CPU.ActiveCfg = Release|Any CPU
		{DE8DC7CE-4E57-4D27-82CC-59D6BF9F0B56}.Release|Any CPU.Build.0 = Release|Any CPU
	EndGlobalSection
	GlobalSection(SolutionProperties) = preSolution
		HideSolutionNode = FALSE
	EndGlobalSection
	GlobalSection(ExtensibilityGlobals) = postSolution
		SolutionGuid = {D407DA63-0065-4B9B-93E2-634A28B2CC1D}
	EndGlobalSection
EndGlobal
